
Microsoft Visual Studio Solution File, Format Version 12.00
# Visual Studio Version 17
VisualStudioVersion = 17.4.33205.214
MinimumVisualStudioVersion = 10.0.40219.1
Project("{FAE04EC0-301F-11D3-BF4B-00C04F79EFBC}") = "WebApp", "WebApp\WebApp.csproj", "{DBA0E329-4633-4FBA-AE7E-6FD58448813E}"
EndProject
Global
	GlobalSection(SolutionConfigurationPlatforms) = preSolution
		Debug|Any CPU = Debug|Any CPU
		Release|Any CPU = Release|Any CPU
	EndGlobalSection
	GlobalSection(ProjectConfigurationPlatforms) = postSolution
		{DBA0E329-4633-4FBA-AE7E-6FD58448813E}.Debug|Any CPU.ActiveCfg = Debug|Any CPU
		{DBA0E329-4633-4FBA-AE7E-6FD58448813E}.Debug|Any CPU.Build.0 = Debug|Any CPU
		{DBA0E329-4633-4FBA-AE7E-6FD58448813E}.Release|Any CPU.ActiveCfg = Release|Any CPU
		{DBA0E329-4633-4FBA-AE7E-6FD58448813E}.Release|Any CPU.Build.0 = Release|Any CPU
	EndGlobalSection
	GlobalSection(SolutionProperties) = preSolution
		HideSolutionNode = FALSE
	EndGlobalSection
	GlobalSection(ExtensibilityGlobals) = postSolution
		SolutionGuid = {1802D526-98EB-4D1C-9F15-A3EBD0171CAE}
	EndGlobalSection
EndGlobal
